<Solution>
  <Folder Name="/demo/">
    <Project Path="demo/HttpBroker.Demo/HttpBroker.Demo.csproj" />
  </Folder>
  <Folder Name="/src/">
    <Project Path="src/HttpBroker.Client/HttpBroker.Client.csproj" />
    <Project Path="src/HttpBroker.Core/HttpBroker.Core.csproj" />
    <Project Path="src/HttpBroker.Server/HttpBroker.Server.csproj" />
  </Folder>
  <Folder Name="/tests/">
    <Project Path="tests/HttpBroker.Tests/HttpBroker.Tests.csproj" />
  </Folder>
</Solution>
